// !$*UTF8*$!
{
	archiveVersion = 1;
	classes = {
	};
	objectVersion = 46;
	objects = {

/* Begin PBXBuildFile section */
		C23833F21AAB025A000D3F5B /* PlaySoundsViewController.swift in Sources */ = {isa = PBXBuildFile; fileRef = C23833F11AAB025A000D3F5B /* PlaySoundsViewController.swift */; };
		C23833F41AAB0A93000D3F5B /* movie_quote.mp3 in Resources */ = {isa = PBXBuildFile; fileRef = C23833F31AAB0A93000D3F5B /* movie_quote.mp3 */; };
		C23833F61AAEE0B0000D3F5B /* RecordedAudio.swift in Sources */ = {isa = PBXBuildFile; fileRef = C23833F51AAEE0B0000D3F5B /* RecordedAudio.swift */; };
		C23CE6161AAA9DA200B3E60E /* AppDelegate.swift in Sources */ = {isa = PBXBuildFile; fileRef = C23CE6151AAA9DA200B3E60E /* AppDelegate.swift */; };
		C23CE6181AAA9DA200B3E60E /* RecordSoundsViewController.swift in Sources */ = {isa = PBXBuildFile; fileRef = C23CE6171AAA9DA200B3E60E /* RecordSoundsViewController.swift */; };
		C23CE61B1AAA9DA200B3E60E /* Main.storyboard in Resources */ = {isa = PBXBuildFile; fileRef = C23CE6191AAA9DA200B3E60E /* Main.storyboard */; };
		C23CE61D1AAA9DA200B3E60E /* Images.xcassets in Resources */ = {isa = PBXBuildFile; fileRef = C23CE61C1AAA9DA200B3E60E /* Images.xcassets */; };
		C23CE6201AAA9DA200B3E60E /* LaunchScreen.xib in Resources */ = {isa = PBXBuildFile; fileRef = C23CE61E1AAA9DA200B3E60E /* LaunchScreen.xib */; };
		C23CE62C1AAA9DA200B3E60E /* Pitch_PerfectTests.swift in Sources */ = {isa = PBXBuildFile; fileRef = C23CE62B1AAA9DA200B3E60E /* Pitch_PerfectTests.swift */; };
/* End PBXBuildFile section */

/* Begin PBXContainerItemProxy section */
		C23CE6261AAA9DA200B3E60E /* PBXContainerItemProxy */ = {
			isa = PBXContainerItemProxy;
			containerPortal = C23CE6081AAA9DA200B3E60E /* Project object */;
			proxyType = 1;
			remoteGlobalIDString = C23CE60F1AAA9DA200B3E60E;
			remoteInfo = "Pitch Perfect";
		};
/* End PBXContainerItemProxy section */

/* Begin PBXFileReference section */
		C23833F11AAB025A000D3F5B /* PlaySoundsViewController.swift */ = {isa = PBXFileReference; fileEncoding = 4; lastKnownFileType = sourcecode.swift; path = PlaySoundsViewController.swift; sourceTree = "<group>"; };
		C23833F31AAB0A93000D3F5B /* movie_quote.mp3 */ = {isa = PBXFileReference; lastKnownFileType = audio.mp3; path = movie_quote.mp3; sourceTree = "<group>"; };
		C23833F51AAEE0B0000D3F5B /* RecordedAudio.swift */ = {isa = PBXFileReference; fileEncoding = 4; lastKnownFileType = sourcecode.swift; path = RecordedAudio.swift; sourceTree = "<group>"; };
		C23CE6101AAA9DA200B3E60E /* Pitch Perfect.app */ = {isa = PBXFileReference; explicitFileType = wrapper.application; includeInIndex = 0; path = "Pitch Perfect.app"; sourceTree = BUILT_PRODUCTS_DIR; };
		C23CE6141AAA9DA200B3E60E /* Info.plist */ = {isa = PBXFileReference; lastKnownFileType = text.plist.xml; path = Info.plist; sourceTree = "<group>"; };
		C23CE6151AAA9DA200B3E60E /* AppDelegate.swift */ = {isa = PBXFileReference; lastKnownFileType = sourcecode.swift; path = AppDelegate.swift; sourceTree = "<group>"; };
		C23CE6171AAA9DA200B3E60E /* RecordSoundsViewController.swift */ = {isa = PBXFileReference; lastKnownFileType = sourcecode.swift; path = RecordSoundsViewController.swift; sourceTree = "<group>"; };
		C23CE61A1AAA9DA200B3E60E /* Base */ = {isa = PBXFileReference; lastKnownFileType = file.storyboard; name = Base; path = Base.lproj/Main.storyboard; sourceTree = "<group>"; };
		C23CE61C1AAA9DA200B3E60E /* Images.xcassets */ = {isa = PBXFileReference; lastKnownFileType = folder.assetcatalog; path = Images.xcassets; sourceTree = "<group>"; };
		C23CE61F1AAA9DA200B3E60E /* Base */ = {isa = PBXFileReference; lastKnownFileType = file.xib; name = Base; path = Base.lproj/LaunchScreen.xib; sourceTree = "<group>"; };
		C23CE6251AAA9DA200B3E60E /* Pitch PerfectTests.xctest */ = {isa = PBXFileReference; explicitFileType = wrapper.cfbundle; includeInIndex = 0; path = "Pitch PerfectTests.xctest"; sourceTree = BUILT_PRODUCTS_DIR; };
		C23CE62A1AAA9DA200B3E60E /* Info.plist */ = {isa = PBXFileReference; lastKnownFileType = text.plist.xml; path = Info.plist; sourceTree = "<group>"; };
		C23CE62B1AAA9DA200B3E60E /* Pitch_PerfectTests.swift */ = {isa = PBXFileReference; lastKnownFileType = sourcecode.swift; path = Pitch_PerfectTests.swift; sourceTree = "<group>"; };
/* End PBXFileReference section */

/* Begin PBXFrameworksBuildPhase section */
		C23CE60D1AAA9DA200B3E60E /* Frameworks */ = {
			isa = PBXFrameworksBuildPhase;
			buildActionMask = 2147483647;
			files = (
			);
			runOnlyForDeploymentPostprocessing = 0;
		};
		C23CE6221AAA9DA200B3E60E /* Frameworks */ = {
			isa = PBXFrameworksBuildPhase;
			buildActionMask = 2147483647;
			files = (
			);
			runOnlyForDeploymentPostprocessing = 0;
		};
/* End PBXFrameworksBuildPhase section */

/* Begin PBXGroup section */
		C23CE6071AAA9DA200B3E60E = {
			isa = PBXGroup;
			children = (
				C23CE6121AAA9DA200B3E60E /* Pitch Perfect */,
				C23CE6281AAA9DA200B3E60E /* Pitch PerfectTests */,
				C23CE6111AAA9DA200B3E60E /* Products */,
			);
			sourceTree = "<group>";
		};
		C23CE6111AAA9DA200B3E60E /* Products */ = {
			isa = PBXGroup;
			children = (
				C23CE6101AAA9DA200B3E60E /* Pitch Perfect.app */,
				C23CE6251AAA9DA200B3E60E /* Pitch PerfectTests.xctest */,
			);
			name = Products;
			sourceTree = "<group>";
		};
		C23CE6121AAA9DA200B3E60E /* Pitch Perfect */ = {
			isa = PBXGroup;
			children = (
				C23CE6151AAA9DA200B3E60E /* AppDelegate.swift */,
				C23CE6171AAA9DA200B3E60E /* RecordSoundsViewController.swift */,
				C23833F11AAB025A000D3F5B /* PlaySoundsViewController.swift */,
				C23CE6191AAA9DA200B3E60E /* Main.storyboard */,
				C23833F51AAEE0B0000D3F5B /* RecordedAudio.swift */,
				C23CE61C1AAA9DA200B3E60E /* Images.xcassets */,
				C23CE61E1AAA9DA200B3E60E /* LaunchScreen.xib */,
				C23CE6131AAA9DA200B3E60E /* Supporting Files */,
			);
			path = "Pitch Perfect";
			sourceTree = "<group>";
		};
		C23CE6131AAA9DA200B3E60E /* Supporting Files */ = {
			isa = PBXGroup;
			children = (
				C23833F31AAB0A93000D3F5B /* movie_quote.mp3 */,
				C23CE6141AAA9DA200B3E60E /* Info.plist */,
			);
			name = "Supporting Files";
			sourceTree = "<group>";
		};
		C23CE6281AAA9DA200B3E60E /* Pitch PerfectTests */ = {
			isa = PBXGroup;
			children = (
				C23CE62B1AAA9DA200B3E60E /* Pitch_PerfectTests.swift */,
				C23CE6291AAA9DA200B3E60E /* Supporting Files */,
			);
			path = "Pitch PerfectTests";
			sourceTree = "<group>";
		};
		C23CE6291AAA9DA200B3E60E /* Supporting Files */ = {
			isa = PBXGroup;
			children = (
				C23CE62A1AAA9DA200B3E60E /* Info.plist */,
			);
			name = "Supporting Files";
			sourceTree = "<group>";
		};
/* End PBXGroup section */

/* Begin PBXNativeTarget section */
		C23CE60F1AAA9DA200B3E60E /* Pitch Perfect */ = {
			isa = PBXNativeTarget;
			buildConfigurationList = C23CE62F1AAA9DA200B3E60E /* Build configuration list for PBXNativeTarget "Pitch Perfect" */;
			buildPhases = (
				C23CE60C1AAA9DA200B3E60E /* Sources */,
				C23CE60D1AAA9DA200B3E60E /* Frameworks */,
				C23CE60E1AAA9DA200B3E60E /* Resources */,
			);
			buildRules = (
			);
			dependencies = (
			);
			name = "Pitch Perfect";
			productName = "Pitch Perfect";
			productReference = C23CE6101AAA9DA200B3E60E /* Pitch Perfect.app */;
			productType = "com.apple.product-type.application";
		};
		C23CE6241AAA9DA200B3E60E /* Pitch PerfectTests */ = {
			isa = PBXNativeTarget;
			buildConfigurationList = C23CE6321AAA9DA200B3E60E /* Build configuration list for PBXNativeTarget "Pitch PerfectTests" */;
			buildPhases = (
				C23CE6211AAA9DA200B3E60E /* Sources */,
				C23CE6221AAA9DA200B3E60E /* Frameworks */,
				C23CE6231AAA9DA200B3E60E /* Resources */,
			);
			buildRules = (
			);
			dependencies = (
				C23CE6271AAA9DA200B3E60E /* PBXTargetDependency */,
			);
			name = "Pitch PerfectTests";
			productName = "Pitch PerfectTests";
			productReference = C23CE6251AAA9DA200B3E60E /* Pitch PerfectTests.xctest */;
			productType = "com.apple.product-type.bundle.unit-test";
		};
/* End PBXNativeTarget section */

/* Begin PBXProject section */
		C23CE6081AAA9DA200B3E60E /* Project object */ = {
			isa = PBXProject;
			attributes = {
				LastUpgradeCheck = 0630;
				ORGANIZATIONNAME = "Cliff O'r Cloud";
				TargetAttributes = {
					C23CE60F1AAA9DA200B3E60E = {
						CreatedOnToolsVersion = 6.3;
					};
					C23CE6241AAA9DA200B3E60E = {
						CreatedOnToolsVersion = 6.3;
						TestTargetID = C23CE60F1AAA9DA200B3E60E;
					};
				};
			};
			buildConfigurationList = C23CE60B1AAA9DA200B3E60E /* Build configuration list for PBXProject "Pitch Perfect" */;
			compatibilityVersion = "Xcode 3.2";
			developmentRegion = English;
			hasScannedForEncodings = 0;
			knownRegions = (
				en,
				Base,
			);
			mainGroup = C23CE6071AAA9DA200B3E60E;
			productRefGroup = C23CE6111AAA9DA200B3E60E /* Products */;
			projectDirPath = "";
			projectRoot = "";
			targets = (
				C23CE60F1AAA9DA200B3E60E /* Pitch Perfect */,
				C23CE6241AAA9DA200B3E60E /* Pitch PerfectTests */,
			);
		};
/* End PBXProject section */

/* Begin PBXResourcesBuildPhase section */
		C23CE60E1AAA9DA200B3E60E /* Resources */ = {
			isa = PBXResourcesBuildPhase;
			buildActionMask = 2147483647;
			files = (
				C23CE61B1AAA9DA200B3E60E /* Main.storyboard in Resources */,
				C23CE6201AAA9DA200B3E60E /* LaunchScreen.xib in Resources */,
				C23833F41AAB0A93000D3F5B /* movie_quote.mp3 in Resources */,
				C23CE61D1AAA9DA200B3E60E /* Images.xcassets in Resources */,
			);
			runOnlyForDeploymentPostprocessing = 0;
		};
		C23CE6231AAA9DA200B3E60E /* Resources */ = {
			isa = PBXResourcesBuildPhase;
			buildActionMask = 2147483647;
			files = (
			);
			runOnlyForDeploymentPostprocessing = 0;
		};
/* End PBXResourcesBuildPhase section */

/* Begin PBXSourcesBuildPhase section */
		C23CE60C1AAA9DA200B3E60E /* Sources */ = {
			isa = PBXSourcesBuildPhase;
			buildActionMask = 2147483647;
			files = (
				C23833F61AAEE0B0000D3F5B /* RecordedAudio.swift in Sources */,
				C23CE6181AAA9DA200B3E60E /* RecordSoundsViewController.swift in Sources */,
				C23833F21AAB025A000D3F5B /* PlaySoundsViewController.swift in Sources */,
				C23CE6161AAA9DA200B3E60E /* AppDelegate.swift in Sources */,
			);
			runOnlyForDeploymentPostprocessing = 0;
		};
		C23CE6211AAA9DA200B3E60E /* Sources */ = {
			isa = PBXSourcesBuildPhase;
			buildActionMask = 2147483647;
			files = (
				C23CE62C1AAA9DA200B3E60E /* Pitch_PerfectTests.swift in Sources */,
			);
			runOnlyForDeploymentPostprocessing = 0;
		};
/* End PBXSourcesBuildPhase section */

/* Begin PBXTargetDependency section */
		C23CE6271AAA9DA200B3E60E /* PBXTargetDependency */ = {
			isa = PBXTargetDependency;
			target = C23CE60F1AAA9DA200B3E60E /* Pitch Perfect */;
			targetProxy = C23CE6261AAA9DA200B3E60E /* PBXContainerItemProxy */;
		};
/* End PBXTargetDependency section */

/* Begin PBXVariantGroup section */
		C23CE6191AAA9DA200B3E60E /* Main.storyboard */ = {
			isa = PBXVariantGroup;
			children = (
				C23CE61A1AAA9DA200B3E60E /* Base */,
			);
			name = Main.storyboard;
			sourceTree = "<group>";
		};
		C23CE61E1AAA9DA200B3E60E /* LaunchScreen.xib */ = {
			isa = PBXVariantGroup;
			children = (
				C23CE61F1AAA9DA200B3E60E /* Base */,
			);
			name = LaunchScreen.xib;
			sourceTree = "<group>";
		};
/* End PBXVariantGroup section */

/* Begin XCBuildConfiguration section */
		C23CE62D1AAA9DA200B3E60E /* Debug */ = {
			isa = XCBuildConfiguration;
			buildSettings = {
				ALWAYS_SEARCH_USER_PATHS = NO;
				CLANG_CXX_LANGUAGE_STANDARD = "gnu++0x";
				CLANG_CXX_LIBRARY = "libc++";
				CLANG_ENABLE_MODULES = YES;
				CLANG_ENABLE_OBJC_ARC = YES;
				CLANG_WARN_BOOL_CONVERSION = YES;
				CLANG_WARN_CONSTANT_CONVERSION = YES;
				CLANG_WARN_DIRECT_OBJC_ISA_USAGE = YES_ERROR;
				CLANG_WARN_EMPTY_BODY = YES;
				CLANG_WARN_ENUM_CONVERSION = YES;
				CLANG_WARN_INT_CONVERSION = YES;
				CLANG_WARN_OBJC_ROOT_CLASS = YES_ERROR;
				CLANG_WARN_UNREACHABLE_CODE = YES;
				CLANG_WARN__DUPLICATE_METHOD_MATCH = YES;
				"CODE_SIGN_IDENTITY[sdk=iphoneos*]" = "iPhone Developer";
				COPY_PHASE_STRIP = NO;
				DEBUG_INFORMATION_FORMAT = dwarf;
				ENABLE_STRICT_OBJC_MSGSEND = YES;
				GCC_C_LANGUAGE_STANDARD = gnu99;
				GCC_DYNAMIC_NO_PIC = NO;
				GCC_NO_COMMON_BLOCKS = YES;
				GCC_OPTIMIZATION_LEVEL = 0;
				GCC_PREPROCESSOR_DEFINITIONS = (
					"DEBUG=1",
					"$(inherited)",
				);
				GCC_SYMBOLS_PRIVATE_EXTERN = NO;
				GCC_WARN_64_TO_32_BIT_CONVERSION = YES;
				GCC_WARN_ABOUT_RETURN_TYPE = YES_ERROR;
				GCC_WARN_UNDECLARED_SELECTOR = YES;
				GCC_WARN_UNINITIALIZED_AUTOS = YES_AGGRESSIVE;
				GCC_WARN_UNUSED_FUNCTION = YES;
				GCC_WARN_UNUSED_VARIABLE = YES;
				IPHONEOS_DEPLOYMENT_TARGET = 8.1;
				MTL_ENABLE_DEBUG_INFO = YES;
				ONLY_ACTIVE_ARCH = YES;
				SDKROOT = iphoneos;
				SWIFT_OPTIMIZATION_LEVEL = "-Onone";
			};
			name = Debug;
		};
		C23CE62E1AAA9DA200B3E60E /* Release */ = {
			isa = XCBuildConfiguration;
			buildSettings = {
				ALWAYS_SEARCH_USER_PATHS = NO;
				CLANG_CXX_LANGUAGE_STANDARD = "gnu++0x";
				CLANG_CXX_LIBRARY = "libc++";
				CLANG_ENABLE_MODULES = YES;
				CLANG_ENABLE_OBJC_ARC = YES;
				CLANG_WARN_BOOL_CONVERSION = YES;
				CLANG_WARN_CONSTANT_CONVERSION = YES;
				CLANG_WARN_DIRECT_OBJC_ISA_USAGE = YES_ERROR;
				CLANG_WARN_EMPTY_BODY = YES;
				CLANG_WARN_ENUM_CONVERSION = YES;
				CLANG_WARN_INT_CONVERSION = YES;
				CLANG_WARN_OBJC_ROOT_CLASS = YES_ERROR;
				CLANG_WARN_UNREACHABLE_CODE = YES;
				CLANG_WARN__DUPLICATE_METHOD_MATCH = YES;
				"CODE_SIGN_IDENTITY[sdk=iphoneos*]" = "iPhone Developer";
				COPY_PHASE_STRIP = NO;
				DEBUG_INFORMATION_FORMAT = "dwarf-with-dsym";
				ENABLE_NS_ASSERTIONS = NO;
				ENABLE_STRICT_OBJC_MSGSEND = YES;
				GCC_C_LANGUAGE_STANDARD = gnu99;
				GCC_NO_COMMON_BLOCKS = YES;
				GCC_WARN_64_TO_32_BIT_CONVERSION = YES;
				GCC_WARN_ABOUT_RETURN_TYPE = YES_ERROR;
				GCC_WARN_UNDECLARED_SELECTOR = YES;
				GCC_WARN_UNINITIALIZED_AUTOS = YES_AGGRESSIVE;
				GCC_WARN_UNUSED_FUNCTION = YES;
				GCC_WARN_UNUSED_VARIABLE = YES;
				IPHONEOS_DEPLOYMENT_TARGET = 8.1;
				MTL_ENABLE_DEBUG_INFO = NO;
				SDKROOT = iphoneos;
				VALIDATE_PRODUCT = YES;
			};
			name = Release;
		};
		C23CE6301AAA9DA200B3E60E /* Debug */ = {
			isa = XCBuildConfiguration;
			buildSettings = {
				ASSETCATALOG_COMPILER_APPICON_NAME = AppIcon;
				INFOPLIST_FILE = "Pitch Perfect/Info.plist";
				IPHONEOS_DEPLOYMENT_TARGET = 8.1;
				LD_RUNPATH_SEARCH_PATHS = "$(inherited) @executable_path/Frameworks";
				PRODUCT_NAME = "$(TARGET_NAME)";
			};
			name = Debug;
		};
		C23CE6311AAA9DA200B3E60E /* Release */ = {
			isa = XCBuildConfiguration;
			buildSettings = {
				ASSETCATALOG_COMPILER_APPICON_NAME = AppIcon;
				INFOPLIST_FILE = "Pitch Perfect/Info.plist";
				IPHONEOS_DEPLOYMENT_TARGET = 8.1;
				LD_RUNPATH_SEARCH_PATHS = "$(inherited) @executable_path/Frameworks";
				PRODUCT_NAME = "$(TARGET_NAME)";
			};
			name = Release;
		};
		C23CE6331AAA9DA200B3E60E /* Debug */ = {
			isa = XCBuildConfiguration;
			buildSettings = {
				BUNDLE_LOADER = "$(TEST_HOST)";
				FRAMEWORK_SEARCH_PATHS = (
					"$(SDKROOT)/Developer/Library/Frameworks",
					"$(inherited)",
				);
				GCC_PREPROCESSOR_DEFINITIONS = (
					"DEBUG=1",
					"$(inherited)",
				);
				INFOPLIST_FILE = "Pitch PerfectTests/Info.plist";
				LD_RUNPATH_SEARCH_PATHS = "$(inherited) @executable_path/Frameworks @loader_path/Frameworks";
				PRODUCT_NAME = "$(TARGET_NAME)";
				TEST_HOST = "$(BUILT_PRODUCTS_DIR)/Pitch Perfect.app/Pitch Perfect";
			};
			name = Debug;
		};
		C23CE6341AAA9DA200B3E60E /* Release */ = {
			isa = XCBuildConfiguration;
			buildSettings = {
				BUNDLE_LOADER = "$(TEST_HOST)";
				FRAMEWORK_SEARCH_PATHS = (
					"$(SDKROOT)/Developer/Library/Frameworks",
					"$(inherited)",
				);
				INFOPLIST_FILE = "Pitch PerfectTests/Info.plist";
				LD_RUNPATH_SEARCH_PATHS = "$(inherited) @executable_path/Frameworks @loader_path/Frameworks";
				PRODUCT_NAME = "$(TARGET_NAME)";
				TEST_HOST = "$(BUILT_PRODUCTS_DIR)/Pitch Perfect.app/Pitch Perfect";
			};
			name = Release;
		};
/* End XCBuildConfiguration section */

/* Begin XCConfigurationList section */
		C23CE60B1AAA9DA200B3E60E /* Build configuration list for PBXProject "Pitch Perfect" */ = {
			isa = XCConfigurationList;
			buildConfigurations = (
				C23CE62D1AAA9DA200B3E60E /* Debug */,
				C23CE62E1AAA9DA200B3E60E /* Release */,
			);
			defaultConfigurationIsVisible = 0;
			defaultConfigurationName = Release;
		};
		C23CE62F1AAA9DA200B3E60E /* Build configuration list for PBXNativeTarget "Pitch Perfect" */ = {
			isa = XCConfigurationList;
			buildConfigurations = (
				C23CE6301AAA9DA200B3E60E /* Debug */,
				C23CE6311AAA9DA200B3E60E /* Release */,
			);
			defaultConfigurationIsVisible = 0;
			defaultConfigurationName = Release;
		};
		C23CE6321AAA9DA200B3E60E /* Build configuration list for PBXNativeTarget "Pitch PerfectTests" */ = {
			isa = XCConfigurationList;
			buildConfigurations = (
				C23CE6331AAA9DA200B3E60E /* Debug */,
				C23CE6341AAA9DA200B3E60E /* Release */,
			);
			defaultConfigurationIsVisible = 0;
			defaultConfigurationName = Release;
		};
/* End XCConfigurationList section */
	};
	rootObject = C23CE6081AAA9DA200B3E60E /* Project object */;
}
